
Microsoft Visual Studio Solution File, Format Version 12.00
# Visual Studio Version 16
VisualStudioVersion = 16.0.30804.86
MinimumVisualStudioVersion = 10.0.40219.1
Project("{FAE04EC0-301F-11D3-BF4B-00C04F79EFBC}") = "VideoPlayer", "VideoPlayer\VideoPlayer.csproj", "{701AFB0A-C168-4D62-9560-E88AE3B600F3}"
EndProject
Global
	GlobalSection(SolutionConfigurationPlatforms) = preSolution
		Debug|Any CPU = Debug|Any CPU
		Release|Any CPU = Release|Any CPU
	EndGlobalSection
	GlobalSection(ProjectConfigurationPlatforms) = postSolution
		{701AFB0A-C168-4D62-9560-E88AE3B600F3}.Debug|Any CPU.ActiveCfg = Debug|Any CPU
		{701AFB0A-C168-4D62-9560-E88AE3B600F3}.Debug|Any CPU.Build.0 = Debug|Any CPU
		{701AFB0A-C168-4D62-9560-E88AE3B600F3}.Release|Any CPU.ActiveCfg = Release|Any CPU
		{701AFB0A-C168-4D62-9560-E88AE3B600F3}.Release|Any CPU.Build.0 = Release|Any CPU
	EndGlobalSection
	GlobalSection(SolutionProperties) = preSolution
		HideSolutionNode = FALSE
	EndGlobalSection
	GlobalSection(ExtensibilityGlobals) = postSolution
		SolutionGuid = {1AD60CC8-1E3F-40C4-B968-20A842243C02}
	EndGlobalSection
EndGlobal
